// !$*UTF8*$!
{
	archiveVersion = 1;
	classes = {
	};
	objectVersion = 50;
	objects = {

/* Begin PBXBuildFile section */
		842149EB21D08704009E68B7 /* AppDelegate.swift in Sources */ = {isa = PBXBuildFile; fileRef = 842149EA21D08704009E68B7 /* AppDelegate.swift */; };
		842149ED21D08704009E68B7 /* ViewController.swift in Sources */ = {isa = PBXBuildFile; fileRef = 842149EC21D08704009E68B7 /* ViewController.swift */; };
		842149F021D08704009E68B7 /* Main.storyboard in Resources */ = {isa = PBXBuildFile; fileRef = 842149EE21D08704009E68B7 /* Main.storyboard */; };
		842149F221D08705009E68B7 /* Assets.xcassets in Resources */ = {isa = PBXBuildFile; fileRef = 842149F121D08705009E68B7 /* Assets.xcassets */; };
		842149F521D08705009E68B7 /* LaunchScreen.storyboard in Resources */ = {isa = PBXBuildFile; fileRef = 842149F321D08705009E68B7 /* LaunchScreen.storyboard */; };
		84214A0021D08706009E68B7 /* DCMenuViewTests.swift in Sources */ = {isa = PBXBuildFile; fileRef = 842149FF21D08706009E68B7 /* DCMenuViewTests.swift */; };
		84214A0B21D08706009E68B7 /* DCMenuViewUITests.swift in Sources */ = {isa = PBXBuildFile; fileRef = 84214A0A21D08706009E68B7 /* DCMenuViewUITests.swift */; };
		84214A1921D08723009E68B7 /* DCMenuView.swift in Sources */ = {isa = PBXBuildFile; fileRef = 84214A1821D08723009E68B7 /* DCMenuView.swift */; };
/* End PBXBuildFile section */

/* Begin PBXContainerItemProxy section */
		842149FC21D08706009E68B7 /* PBXContainerItemProxy */ = {
			isa = PBXContainerItemProxy;
			containerPortal = 842149DF21D08704009E68B7 /* Project object */;
			proxyType = 1;
			remoteGlobalIDString = 842149E621D08704009E68B7;
			remoteInfo = DCMenuView;
		};
		84214A0721D08706009E68B7 /* PBXContainerItemProxy */ = {
			isa = PBXContainerItemProxy;
			containerPortal = 842149DF21D08704009E68B7 /* Project object */;
			proxyType = 1;
			remoteGlobalIDString = 842149E621D08704009E68B7;
			remoteInfo = DCMenuView;
		};
/* End PBXContainerItemProxy section */

/* Begin PBXFileReference section */
		842149E721D08704009E68B7 /* DCMenuView.app */ = {isa = PBXFileReference; explicitFileType = wrapper.application; includeInIndex = 0; path = DCMenuView.app; sourceTree = BUILT_PRODUCTS_DIR; };
		842149EA21D08704009E68B7 /* AppDelegate.swift */ = {isa = PBXFileReference; lastKnownFileType = sourcecode.swift; path = AppDelegate.swift; sourceTree = "<group>"; };
		842149EC21D08704009E68B7 /* ViewController.swift */ = {isa = PBXFileReference; lastKnownFileType = sourcecode.swift; path = ViewController.swift; sourceTree = "<group>"; };
		842149EF21D08704009E68B7 /* Base */ = {isa = PBXFileReference; lastKnownFileType = file.storyboard; name = Base; path = Base.lproj/Main.storyboard; sourceTree = "<group>"; };
		842149F121D08705009E68B7 /* Assets.xcassets */ = {isa = PBXFileReference; lastKnownFileType = folder.assetcatalog; path = Assets.xcassets; sourceTree = "<group>"; };
		842149F421D08705009E68B7 /* Base */ = {isa = PBXFileReference; lastKnownFileType = file.storyboard; name = Base; path = Base.lproj/LaunchScreen.storyboard; sourceTree = "<group>"; };
		842149F621D08705009E68B7 /* Info.plist */ = {isa = PBXFileReference; lastKnownFileType = text.plist.xml; path = Info.plist; sourceTree = "<group>"; };
		842149FB21D08706009E68B7 /* DCMenuViewTests.xctest */ = {isa = PBXFileReference; explicitFileType = wrapper.cfbundle; includeInIndex = 0; path = DCMenuViewTests.xctest; sourceTree = BUILT_PRODUCTS_DIR; };
		842149FF21D08706009E68B7 /* DCMenuViewTests.swift */ = {isa = PBXFileReference; lastKnownFileType = sourcecode.swift; path = DCMenuViewTests.swift; sourceTree = "<group>"; };
		84214A0121D08706009E68B7 /* Info.plist */ = {isa = PBXFileReference; lastKnownFileType = text.plist.xml; path = Info.plist; sourceTree = "<group>"; };
		84214A0621D08706009E68B7 /* DCMenuViewUITests.xctest */ = {isa = PBXFileReference; explicitFileType = wrapper.cfbundle; includeInIndex = 0; path = DCMenuViewUITests.xctest; sourceTree = BUILT_PRODUCTS_DIR; };
		84214A0A21D08706009E68B7 /* DCMenuViewUITests.swift */ = {isa = PBXFileReference; lastKnownFileType = sourcecode.swift; path = DCMenuViewUITests.swift; sourceTree = "<group>"; };
		84214A0C21D08706009E68B7 /* Info.plist */ = {isa = PBXFileReference; lastKnownFileType = text.plist.xml; path = Info.plist; sourceTree = "<group>"; };
		84214A1821D08723009E68B7 /* DCMenuView.swift */ = {isa = PBXFileReference; lastKnownFileType = sourcecode.swift; path = DCMenuView.swift; sourceTree = "<group>"; };
/* End PBXFileReference section */

/* Begin PBXFrameworksBuildPhase section */
		842149E421D08704009E68B7 /* Frameworks */ = {
			isa = PBXFrameworksBuildPhase;
			buildActionMask = 2147483647;
			files = (
			);
			runOnlyForDeploymentPostprocessing = 0;
		};
		842149F821D08706009E68B7 /* Frameworks */ = {
			isa = PBXFrameworksBuildPhase;
			buildActionMask = 2147483647;
			files = (
			);
			runOnlyForDeploymentPostprocessing = 0;
		};
		84214A0321D08706009E68B7 /* Frameworks */ = {
			isa = PBXFrameworksBuildPhase;
			buildActionMask = 2147483647;
			files = (
			);
			runOnlyForDeploymentPostprocessing = 0;
		};
/* End PBXFrameworksBuildPhase section */

/* Begin PBXGroup section */
		842149DE21D08704009E68B7 = {
			isa = PBXGroup;
			children = (
				842149E921D08704009E68B7 /* DCMenuView */,
				842149FE21D08706009E68B7 /* DCMenuViewTests */,
				84214A0921D08706009E68B7 /* DCMenuViewUITests */,
				842149E821D08704009E68B7 /* Products */,
			);
			sourceTree = "<group>";
		};
		842149E821D08704009E68B7 /* Products */ = {
			isa = PBXGroup;
			children = (
				842149E721D08704009E68B7 /* DCMenuView.app */,
				842149FB21D08706009E68B7 /* DCMenuViewTests.xctest */,
				84214A0621D08706009E68B7 /* DCMenuViewUITests.xctest */,
			);
			name = Products;
			sourceTree = "<group>";
		};
		842149E921D08704009E68B7 /* DCMenuView */ = {
			isa = PBXGroup;
			children = (
				842149EA21D08704009E68B7 /* AppDelegate.swift */,
				84214A1821D08723009E68B7 /* DCMenuView.swift */,
				842149EC21D08704009E68B7 /* ViewController.swift */,
				842149EE21D08704009E68B7 /* Main.storyboard */,
				842149F121D08705009E68B7 /* Assets.xcassets */,
				842149F321D08705009E68B7 /* LaunchScreen.storyboard */,
				842149F621D08705009E68B7 /* Info.plist */,
			);
			path = DCMenuView;
			sourceTree = "<group>";
		};
		842149FE21D08706009E68B7 /* DCMenuViewTests */ = {
			isa = PBXGroup;
			children = (
				842149FF21D08706009E68B7 /* DCMenuViewTests.swift */,
				84214A0121D08706009E68B7 /* Info.plist */,
			);
			path = DCMenuViewTests;
			sourceTree = "<group>";
		};
		84214A0921D08706009E68B7 /* DCMenuViewUITests */ = {
			isa = PBXGroup;
			children = (
				84214A0A21D08706009E68B7 /* DCMenuViewUITests.swift */,
				84214A0C21D08706009E68B7 /* Info.plist */,
			);
			path = DCMenuViewUITests;
			sourceTree = "<group>";
		};
/* End PBXGroup section */

/* Begin PBXNativeTarget section */
		842149E621D08704009E68B7 /* DCMenuView */ = {
			isa = PBXNativeTarget;
			buildConfigurationList = 84214A0F21D08706009E68B7 /* Build configuration list for PBXNativeTarget "DCMenuView" */;
			buildPhases = (
				842149E321D08704009E68B7 /* Sources */,
				842149E421D08704009E68B7 /* Frameworks */,
				842149E521D08704009E68B7 /* Resources */,
			);
			buildRules = (
			);
			dependencies = (
			);
			name = DCMenuView;
			productName = DCMenuView;
			productReference = 842149E721D08704009E68B7 /* DCMenuView.app */;
			productType = "com.apple.product-type.application";
		};
		842149FA21D08706009E68B7 /* DCMenuViewTests */ = {
			isa = PBXNativeTarget;
			buildConfigurationList = 84214A1221D08706009E68B7 /* Build configuration list for PBXNativeTarget "DCMenuViewTests" */;
			buildPhases = (
				842149F721D08706009E68B7 /* Sources */,
				842149F821D08706009E68B7 /* Frameworks */,
				842149F921D08706009E68B7 /* Resources */,
			);
			buildRules = (
			);
			dependencies = (
				842149FD21D08706009E68B7 /* PBXTargetDependency */,
			);
			name = DCMenuViewTests;
			productName = DCMenuViewTests;
			productReference = 842149FB21D08706009E68B7 /* DCMenuViewTests.xctest */;
			productType = "com.apple.product-type.bundle.unit-test";
		};
		84214A0521D08706009E68B7 /* DCMenuViewUITests */ = {
			isa = PBXNativeTarget;
			buildConfigurationList = 84214A1521D08706009E68B7 /* Build configuration list for PBXNativeTarget "DCMenuViewUITests" */;
			buildPhases = (
				84214A0221D08706009E68B7 /* Sources */,
				84214A0321D08706009E68B7 /* Frameworks */,
				84214A0421D08706009E68B7 /* Resources */,
			);
			buildRules = (
			);
			dependencies = (
				84214A0821D08706009E68B7 /* PBXTargetDependency */,
			);
			name = DCMenuViewUITests;
			productName = DCMenuViewUITests;
			productReference = 84214A0621D08706009E68B7 /* DCMenuViewUITests.xctest */;
			productType = "com.apple.product-type.bundle.ui-testing";
		};
/* End PBXNativeTarget section */

/* Begin PBXProject section */
		842149DF21D08704009E68B7 /* Project object */ = {
			isa = PBXProject;
			attributes = {
				LastSwiftUpdateCheck = 0930;
				LastUpgradeCheck = 0930;
				ORGANIZATIONNAME = ape.zhang;
				TargetAttributes = {
					842149E621D08704009E68B7 = {
						CreatedOnToolsVersion = 9.3;
					};
					842149FA21D08706009E68B7 = {
						CreatedOnToolsVersion = 9.3;
						TestTargetID = 842149E621D08704009E68B7;
					};
					84214A0521D08706009E68B7 = {
						CreatedOnToolsVersion = 9.3;
						TestTargetID = 842149E621D08704009E68B7;
					};
				};
			};
			buildConfigurationList = 842149E221D08704009E68B7 /* Build configuration list for PBXProject "DCMenuView" */;
			compatibilityVersion = "Xcode 9.3";
			developmentRegion = en;
			hasScannedForEncodings = 0;
			knownRegions = (
				en,
				Base,
			);
			mainGroup = 842149DE21D08704009E68B7;
			productRefGroup = 842149E821D08704009E68B7 /* Products */;
			projectDirPath = "";
			projectRoot = "";
			targets = (
				842149E621D08704009E68B7 /* DCMenuView */,
				842149FA21D08706009E68B7 /* DCMenuViewTests */,
				84214A0521D08706009E68B7 /* DCMenuViewUITests */,
			);
		};
/* End PBXProject section */

/* Begin PBXResourcesBuildPhase section */
		842149E521D08704009E68B7 /* Resources */ = {
			isa = PBXResourcesBuildPhase;
			buildActionMask = 2147483647;
			files = (
				842149F521D08705009E68B7 /* LaunchScreen.storyboard in Resources */,
				842149F221D08705009E68B7 /* Assets.xcassets in Resources */,
				842149F021D08704009E68B7 /* Main.storyboard in Resources */,
			);
			runOnlyForDeploymentPostprocessing = 0;
		};
		842149F921D08706009E68B7 /* Resources */ = {
			isa = PBXResourcesBuildPhase;
			buildActionMask = 2147483647;
			files = (
			);
			runOnlyForDeploymentPostprocessing = 0;
		};
		84214A0421D08706009E68B7 /* Resources */ = {
			isa = PBXResourcesBuildPhase;
			buildActionMask = 2147483647;
			files = (
			);
			runOnlyForDeploymentPostprocessing = 0;
		};
/* End PBXResourcesBuildPhase section */

/* Begin PBXSourcesBuildPhase section */
		842149E321D08704009E68B7 /* Sources */ = {
			isa = PBXSourcesBuildPhase;
			buildActionMask = 2147483647;
			files = (
				84214A1921D08723009E68B7 /* DCMenuView.swift in Sources */,
				842149ED21D08704009E68B7 /* ViewController.swift in Sources */,
				842149EB21D08704009E68B7 /* AppDelegate.swift in Sources */,
			);
			runOnlyForDeploymentPostprocessing = 0;
		};
		842149F721D08706009E68B7 /* Sources */ = {
			isa = PBXSourcesBuildPhase;
			buildActionMask = 2147483647;
			files = (
				84214A0021D08706009E68B7 /* DCMenuViewTests.swift in Sources */,
			);
			runOnlyForDeploymentPostprocessing = 0;
		};
		84214A0221D08706009E68B7 /* Sources */ = {
			isa = PBXSourcesBuildPhase;
			buildActionMask = 2147483647;
			files = (
				84214A0B21D08706009E68B7 /* DCMenuViewUITests.swift in Sources */,
			);
			runOnlyForDeploymentPostprocessing = 0;
		};
/* End PBXSourcesBuildPhase section */

/* Begin PBXTargetDependency section */
		842149FD21D08706009E68B7 /* PBXTargetDependency */ = {
			isa = PBXTargetDependency;
			target = 842149E621D08704009E68B7 /* DCMenuView */;
			targetProxy = 842149FC21D08706009E68B7 /* PBXContainerItemProxy */;
		};
		84214A0821D08706009E68B7 /* PBXTargetDependency */ = {
			isa = PBXTargetDependency;
			target = 842149E621D08704009E68B7 /* DCMenuView */;
			targetProxy = 84214A0721D08706009E68B7 /* PBXContainerItemProxy */;
		};
/* End PBXTargetDependency section */

/* Begin PBXVariantGroup section */
		842149EE21D08704009E68B7 /* Main.storyboard */ = {
			isa = PBXVariantGroup;
			children = (
				842149EF21D08704009E68B7 /* Base */,
			);
			name = Main.storyboard;
			sourceTree = "<group>";
		};
		842149F321D08705009E68B7 /* LaunchScreen.storyboard */ = {
			isa = PBXVariantGroup;
			children = (
				842149F421D08705009E68B7 /* Base */,
			);
			name = LaunchScreen.storyboard;
			sourceTree = "<group>";
		};
/* End PBXVariantGroup section */

/* Begin XCBuildConfiguration section */
		84214A0D21D08706009E68B7 /* Debug */ = {
			isa = XCBuildConfiguration;
			buildSettings = {
				ALWAYS_SEARCH_USER_PATHS = NO;
				CLANG_ANALYZER_NONNULL = YES;
				CLANG_ANALYZER_NUMBER_OBJECT_CONVERSION = YES_AGGRESSIVE;
				CLANG_CXX_LANGUAGE_STANDARD = "gnu++14";
				CLANG_CXX_LIBRARY = "libc++";
				CLANG_ENABLE_MODULES = YES;
				CLANG_ENABLE_OBJC_ARC = YES;
				CLANG_ENABLE_OBJC_WEAK = YES;
				CLANG_WARN_BLOCK_CAPTURE_AUTORELEASING = YES;
				CLANG_WARN_BOOL_CONVERSION = YES;
				CLANG_WARN_COMMA = YES;
				CLANG_WARN_CONSTANT_CONVERSION = YES;
				CLANG_WARN_DEPRECATED_OBJC_IMPLEMENTATIONS = YES;
				CLANG_WARN_DIRECT_OBJC_ISA_USAGE = YES_ERROR;
				CLANG_WARN_DOCUMENTATION_COMMENTS = YES;
				CLANG_WARN_EMPTY_BODY = YES;
				CLANG_WARN_ENUM_CONVERSION = YES;
				CLANG_WARN_INFINITE_RECURSION = YES;
				CLANG_WARN_INT_CONVERSION = YES;
				CLANG_WARN_NON_LITERAL_NULL_CONVERSION = YES;
				CLANG_WARN_OBJC_IMPLICIT_RETAIN_SELF = YES;
				CLANG_WARN_OBJC_LITERAL_CONVERSION = YES;
				CLANG_WARN_OBJC_ROOT_CLASS = YES_ERROR;
				CLANG_WARN_RANGE_LOOP_ANALYSIS = YES;
				CLANG_WARN_STRICT_PROTOTYPES = YES;
				CLANG_WARN_SUSPICIOUS_MOVE = YES;
				CLANG_WARN_UNGUARDED_AVAILABILITY = YES_AGGRESSIVE;
				CLANG_WARN_UNREACHABLE_CODE = YES;
				CLANG_WARN__DUPLICATE_METHOD_MATCH = YES;
				CODE_SIGN_IDENTITY = "iPhone Developer";
				COPY_PHASE_STRIP = NO;
				DEBUG_INFORMATION_FORMAT = dwarf;
				ENABLE_STRICT_OBJC_MSGSEND = YES;
				ENABLE_TESTABILITY = YES;
				GCC_C_LANGUAGE_STANDARD = gnu11;
				GCC_DYNAMIC_NO_PIC = NO;
				GCC_NO_COMMON_BLOCKS = YES;
				GCC_OPTIMIZATION_LEVEL = 0;
				GCC_PREPROCESSOR_DEFINITIONS = (
					"DEBUG=1",
					"$(inherited)",
				);
				GCC_WARN_64_TO_32_BIT_CONVERSION = YES;
				GCC_WARN_ABOUT_RETURN_TYPE = YES_ERROR;
				GCC_WARN_UNDECLARED_SELECTOR = YES;
				GCC_WARN_UNINITIALIZED_AUTOS = YES_AGGRESSIVE;
				GCC_WARN_UNUSED_FUNCTION = YES;
				GCC_WARN_UNUSED_VARIABLE = YES;
				IPHONEOS_DEPLOYMENT_TARGET = 11.3;
				MTL_ENABLE_DEBUG_INFO = YES;
				ONLY_ACTIVE_ARCH = YES;
				SDKROOT = iphoneos;
				SWIFT_ACTIVE_COMPILATION_CONDITIONS = DEBUG;
				SWIFT_OPTIMIZATION_LEVEL = "-Onone";
			};
			name = Debug;
		};
		84214A0E21D08706009E68B7 /* Release */ = {
			isa = XCBuildConfiguration;
			buildSettings = {
				ALWAYS_SEARCH_USER_PATHS = NO;
				CLANG_ANALYZER_NONNULL = YES;
				CLANG_ANALYZER_NUMBER_OBJECT_CONVERSION = YES_AGGRESSIVE;
				CLANG_CXX_LANGUAGE_STANDARD = "gnu++14";
				CLANG_CXX_LIBRARY = "libc++";
				CLANG_ENABLE_MODULES = YES;
				CLANG_ENABLE_OBJC_ARC = YES;
				CLANG_ENABLE_OBJC_WEAK = YES;
				CLANG_WARN_BLOCK_CAPTURE_AUTORELEASING = YES;
				CLANG_WARN_BOOL_CONVERSION = YES;
				CLANG_WARN_COMMA = YES;
				CLANG_WARN_CONSTANT_CONVERSION = YES;
				CLANG_WARN_DEPRECATED_OBJC_IMPLEMENTATIONS = YES;
				CLANG_WARN_DIRECT_OBJC_ISA_USAGE = YES_ERROR;
				CLANG_WARN_DOCUMENTATION_COMMENTS = YES;
				CLANG_WARN_EMPTY_BODY = YES;
				CLANG_WARN_ENUM_CONVERSION = YES;
				CLANG_WARN_INFINITE_RECURSION = YES;
				CLANG_WARN_INT_CONVERSION = YES;
				CLANG_WARN_NON_LITERAL_NULL_CONVERSION = YES;
				CLANG_WARN_OBJC_IMPLICIT_RETAIN_SELF = YES;
				CLANG_WARN_OBJC_LITERAL_CONVERSION = YES;
				CLANG_WARN_OBJC_ROOT_CLASS = YES_ERROR;
				CLANG_WARN_RANGE_LOOP_ANALYSIS = YES;
				CLANG_WARN_STRICT_PROTOTYPES = YES;
				CLANG_WARN_SUSPICIOUS_MOVE = YES;
				CLANG_WARN_UNGUARDED_AVAILABILITY = YES_AGGRESSIVE;
				CLANG_WARN_UNREACHABLE_CODE = YES;
				CLANG_WARN__DUPLICATE_METHOD_MATCH = YES;
				CODE_SIGN_IDENTITY = "iPhone Developer";
				COPY_PHASE_STRIP = NO;
				DEBUG_INFORMATION_FORMAT = "dwarf-with-dsym";
				ENABLE_NS_ASSERTIONS = NO;
				ENABLE_STRICT_OBJC_MSGSEND = YES;
				GCC_C_LANGUAGE_STANDARD = gnu11;
				GCC_NO_COMMON_BLOCKS = YES;
				GCC_WARN_64_TO_32_BIT_CONVERSION = YES;
				GCC_WARN_ABOUT_RETURN_TYPE = YES_ERROR;
				GCC_WARN_UNDECLARED_SELECTOR = YES;
				GCC_WARN_UNINITIALIZED_AUTOS = YES_AGGRESSIVE;
				GCC_WARN_UNUSED_FUNCTION = YES;
				GCC_WARN_UNUSED_VARIABLE = YES;
				IPHONEOS_DEPLOYMENT_TARGET = 11.3;
				MTL_ENABLE_DEBUG_INFO = NO;
				SDKROOT = iphoneos;
				SWIFT_COMPILATION_MODE = wholemodule;
				SWIFT_OPTIMIZATION_LEVEL = "-O";
				VALIDATE_PRODUCT = YES;
			};
			name = Release;
		};
		84214A1021D08706009E68B7 /* Debug */ = {
			isa = XCBuildConfiguration;
			buildSettings = {
				ASSETCATALOG_COMPILER_APPICON_NAME = AppIcon;
				CODE_SIGN_STYLE = Automatic;
				INFOPLIST_FILE = DCMenuView/Info.plist;
				LD_RUNPATH_SEARCH_PATHS = (
					"$(inherited)",
					"@executable_path/Frameworks",
				);
				PRODUCT_BUNDLE_IDENTIFIER = com.to8to.DCMenuView;
				PRODUCT_NAME = "$(TARGET_NAME)";
				SWIFT_VERSION = 4.0;
				TARGETED_DEVICE_FAMILY = "1,2";
			};
			name = Debug;
		};
		84214A1121D08706009E68B7 /* Release */ = {
			isa = XCBuildConfiguration;
			buildSettings = {
				ASSETCATALOG_COMPILER_APPICON_NAME = AppIcon;
				CODE_SIGN_STYLE = Automatic;
				INFOPLIST_FILE = DCMenuView/Info.plist;
				LD_RUNPATH_SEARCH_PATHS = (
					"$(inherited)",
					"@executable_path/Frameworks",
				);
				PRODUCT_BUNDLE_IDENTIFIER = com.to8to.DCMenuView;
				PRODUCT_NAME = "$(TARGET_NAME)";
				SWIFT_VERSION = 4.0;
				TARGETED_DEVICE_FAMILY = "1,2";
			};
			name = Release;
		};
		84214A1321D08706009E68B7 /* Debug */ = {
			isa = XCBuildConfiguration;
			buildSettings = {
				ALWAYS_EMBED_SWIFT_STANDARD_LIBRARIES = YES;
				BUNDLE_LOADER = "$(TEST_HOST)";
				CODE_SIGN_STYLE = Automatic;
				INFOPLIST_FILE = DCMenuViewTests/Info.plist;
				LD_RUNPATH_SEARCH_PATHS = (
					"$(inherited)",
					"@executable_path/Frameworks",
					"@loader_path/Frameworks",
				);
				PRODUCT_BUNDLE_IDENTIFIER = com.to8to.DCMenuViewTests;
				PRODUCT_NAME = "$(TARGET_NAME)";
				SWIFT_VERSION = 4.0;
				TARGETED_DEVICE_FAMILY = "1,2";
				TEST_HOST = "$(BUILT_PRODUCTS_DIR)/DCMenuView.app/DCMenuView";
			};
			name = Debug;
		};
		84214A1421D08706009E68B7 /* Release */ = {
			isa = XCBuildConfiguration;
			buildSettings = {
				ALWAYS_EMBED_SWIFT_STANDARD_LIBRARIES = YES;
				BUNDLE_LOADER = "$(TEST_HOST)";
				CODE_SIGN_STYLE = Automatic;
				INFOPLIST_FILE = DCMenuViewTests/Info.plist;
				LD_RUNPATH_SEARCH_PATHS = (
					"$(inherited)",
					"@executable_path/Frameworks",
					"@loader_path/Frameworks",
				);
				PRODUCT_BUNDLE_IDENTIFIER = com.to8to.DCMenuViewTests;
				PRODUCT_NAME = "$(TARGET_NAME)";
				SWIFT_VERSION = 4.0;
				TARGETED_DEVICE_FAMILY = "1,2";
				TEST_HOST = "$(BUILT_PRODUCTS_DIR)/DCMenuView.app/DCMenuView";
			};
			name = Release;
		};
		84214A1621D08706009E68B7 /* Debug */ = {
			isa = XCBuildConfiguration;
			buildSettings = {
				ALWAYS_EMBED_SWIFT_STANDARD_LIBRARIES = YES;
				CODE_SIGN_STYLE = Automatic;
				INFOPLIST_FILE = DCMenuViewUITests/Info.plist;
				LD_RUNPATH_SEARCH_PATHS = (
					"$(inherited)",
					"@executable_path/Frameworks",
					"@loader_path/Frameworks",
				);
				PRODUCT_BUNDLE_IDENTIFIER = com.to8to.DCMenuViewUITests;
				PRODUCT_NAME = "$(TARGET_NAME)";
				SWIFT_VERSION = 4.0;
				TARGETED_DEVICE_FAMILY = "1,2";
				TEST_TARGET_NAME = DCMenuView;
			};
			name = Debug;
		};
		84214A1721D08706009E68B7 /* Release */ = {
			isa = XCBuildConfiguration;
			buildSettings = {
				ALWAYS_EMBED_SWIFT_STANDARD_LIBRARIES = YES;
				CODE_SIGN_STYLE = Automatic;
				INFOPLIST_FILE = DCMenuViewUITests/Info.plist;
				LD_RUNPATH_SEARCH_PATHS = (
					"$(inherited)",
					"@executable_path/Frameworks",
					"@loader_path/Frameworks",
				);
				PRODUCT_BUNDLE_IDENTIFIER = com.to8to.DCMenuViewUITests;
				PRODUCT_NAME = "$(TARGET_NAME)";
				SWIFT_VERSION = 4.0;
				TARGETED_DEVICE_FAMILY = "1,2";
				TEST_TARGET_NAME = DCMenuView;
			};
			name = Release;
		};
/* End XCBuildConfiguration section */

/* Begin XCConfigurationList section */
		842149E221D08704009E68B7 /* Build configuration list for PBXProject "DCMenuView" */ = {
			isa = XCConfigurationList;
			buildConfigurations = (
				84214A0D21D08706009E68B7 /* Debug */,
				84214A0E21D08706009E68B7 /* Release */,
			);
			defaultConfigurationIsVisible = 0;
			defaultConfigurationName = Release;
		};
		84214A0F21D08706009E68B7 /* Build configuration list for PBXNativeTarget "DCMenuView" */ = {
			isa = XCConfigurationList;
			buildConfigurations = (
				84214A1021D08706009E68B7 /* Debug */,
				84214A1121D08706009E68B7 /* Release */,
			);
			defaultConfigurationIsVisible = 0;
			defaultConfigurationName = Release;
		};
		84214A1221D08706009E68B7 /* Build configuration list for PBXNativeTarget "DCMenuViewTests" */ = {
			isa = XCConfigurationList;
			buildConfigurations = (
				84214A1321D08706009E68B7 /* Debug */,
				84214A1421D08706009E68B7 /* Release */,
			);
			defaultConfigurationIsVisible = 0;
			defaultConfigurationName = Release;
		};
		84214A1521D08706009E68B7 /* Build configuration list for PBXNativeTarget "DCMenuViewUITests" */ = {
			isa = XCConfigurationList;
			buildConfigurations = (
				84214A1621D08706009E68B7 /* Debug */,
				84214A1721D08706009E68B7 /* Release */,
			);
			defaultConfigurationIsVisible = 0;
			defaultConfigurationName = Release;
		};
/* End XCConfigurationList section */
	};
	rootObject = 842149DF21D08704009E68B7 /* Project object */;
}
